
Microsoft Visual Studio Solution File, Format Version 12.00
# Visual Studio 15
VisualStudioVersion = 15.0.27703.2042
MinimumVisualStudioVersion = 10.0.40219.1
Project("{FAE04EC0-301F-11D3-BF4B-00C04F79EFBC}") = "pueba200", "pueba200\pueba200.csproj", "{B0DBA828-432F-46C5-ABA3-9689A1BED96D}"
EndProject
Global
	GlobalSection(SolutionConfigurationPlatforms) = preSolution
		Debug|Any CPU = Debug|Any CPU
		Release|Any CPU = Release|Any CPU
	EndGlobalSection
	GlobalSection(ProjectConfigurationPlatforms) = postSolution
		{B0DBA828-432F-46C5-ABA3-9689A1BED96D}.Debug|Any CPU.ActiveCfg = Debug|Any CPU
		{B0DBA828-432F-46C5-ABA3-9689A1BED96D}.Debug|Any CPU.Build.0 = Debug|Any CPU
		{B0DBA828-432F-46C5-ABA3-9689A1BED96D}.Release|Any CPU.ActiveCfg = Release|Any CPU
		{B0DBA828-432F-46C5-ABA3-9689A1BED96D}.Release|Any CPU.Build.0 = Release|Any CPU
	EndGlobalSection
	GlobalSection(SolutionProperties) = preSolution
		HideSolutionNode = FALSE
	EndGlobalSection
	GlobalSection(ExtensibilityGlobals) = postSolution
		SolutionGuid = {1EBF588B-D8AA-45F2-9812-55A4744CBB95}
	EndGlobalSection
EndGlobal
